
Microsoft Visual Studio Solution File, Format Version 12.00
# Visual Studio Version 17
VisualStudioVersion = 17.1.32319.34
MinimumVisualStudioVersion = 10.0.40219.1
Project("{FAE04EC0-301F-11D3-BF4B-00C04F79EFBC}") = "P01Dziedziczenie", "P01Dziedziczenie\P01Dziedziczenie.csproj", "{1C0AB1D1-8A2B-4DAE-AA46-B328EC55BD4E}"
EndProject
Project("{FAE04EC0-301F-11D3-BF4B-00C04F79EFBC}") = "P02ZadanieDziedziczenie", "P02ZadanieDziedziczenie\P02ZadanieDziedziczenie.csproj", "{D199E737-869C-4164-A128-22112D2C9C90}"
EndProject
Project("{FAE04EC0-301F-11D3-BF4B-00C04F79EFBC}") = "P03AplikacjaOkienkowa", "P03AplikacjaOkienkowa\P03AplikacjaOkienkowa.csproj", "{A8FB154B-F8CD-489F-AC0F-35D28579D4D1}"
EndProject
Project("{FAE04EC0-301F-11D3-BF4B-00C04F79EFBC}") = "P04WstepORM", "P04WstepORM\P04WstepORM.csproj", "{868DC8C9-7F06-4EA1-BC2D-5453CB687048}"
EndProject
Project("{FAE04EC0-301F-11D3-BF4B-00C04F79EFBC}") = "P05AplikacjaZawodnicy", "P05AplikacjaZawodnicy\P05AplikacjaZawodnicy.csproj", "{0A5E5767-72AF-4BD8-B6CE-54CB04576020}"
EndProject
Global
	GlobalSection(SolutionConfigurationPlatforms) = preSolution
		Debug|Any CPU = Debug|Any CPU
		Release|Any CPU = Release|Any CPU
	EndGlobalSection
	GlobalSection(ProjectConfigurationPlatforms) = postSolution
		{1C0AB1D1-8A2B-4DAE-AA46-B328EC55BD4E}.Debug|Any CPU.ActiveCfg = Debug|Any CPU
		{1C0AB1D1-8A2B-4DAE-AA46-B328EC55BD4E}.Debug|Any CPU.Build.0 = Debug|Any CPU
		{1C0AB1D1-8A2B-4DAE-AA46-B328EC55BD4E}.Release|Any CPU.ActiveCfg = Release|Any CPU
		{1C0AB1D1-8A2B-4DAE-AA46-B328EC55BD4E}.Release|Any CPU.Build.0 = Release|Any CPU
		{D199E737-869C-4164-A128-22112D2C9C90}.Debug|Any CPU.ActiveCfg = Debug|Any CPU
		{D199E737-869C-4164-A128-22112D2C9C90}.Debug|Any CPU.Build.0 = Debug|Any CPU
		{D199E737-869C-4164-A128-22112D2C9C90}.Release|Any CPU.ActiveCfg = Release|Any CPU
		{D199E737-869C-4164-A128-22112D2C9C90}.Release|Any CPU.Build.0 = Release|Any CPU
		{A8FB154B-F8CD-489F-AC0F-35D28579D4D1}.Debug|Any CPU.ActiveCfg = Debug|Any CPU
		{A8FB154B-F8CD-489F-AC0F-35D28579D4D1}.Debug|Any CPU.Build.0 = Debug|Any CPU
		{A8FB154B-F8CD-489F-AC0F-35D28579D4D1}.Release|Any CPU.ActiveCfg = Release|Any CPU
		{A8FB154B-F8CD-489F-AC0F-35D28579D4D1}.Release|Any CPU.Build.0 = Release|Any CPU
		{868DC8C9-7F06-4EA1-BC2D-5453CB687048}.Debug|Any CPU.ActiveCfg = Debug|Any CPU
		{868DC8C9-7F06-4EA1-BC2D-5453CB687048}.Debug|Any CPU.Build.0 = Debug|Any CPU
		{868DC8C9-7F06-4EA1-BC2D-5453CB687048}.Release|Any CPU.ActiveCfg = Release|Any CPU
		{868DC8C9-7F06-4EA1-BC2D-5453CB687048}.Release|Any CPU.Build.0 = Release|Any CPU
		{0A5E5767-72AF-4BD8-B6CE-54CB04576020}.Debug|Any CPU.ActiveCfg = Debug|Any CPU
		{0A5E5767-72AF-4BD8-B6CE-54CB04576020}.Debug|Any CPU.Build.0 = Debug|Any CPU
		{0A5E5767-72AF-4BD8-B6CE-54CB04576020}.Release|Any CPU.ActiveCfg = Release|Any CPU
		{0A5E5767-72AF-4BD8-B6CE-54CB04576020}.Release|Any CPU.Build.0 = Release|Any CPU
	EndGlobalSection
	GlobalSection(SolutionProperties) = preSolution
		HideSolutionNode = FALSE
	EndGlobalSection
	GlobalSection(ExtensibilityGlobals) = postSolution
		SolutionGuid = {8849FB72-C9EB-433B-881A-BD9781206C4E}
	EndGlobalSection
EndGlobal
